// !$*UTF8*$!
{
	archiveVersion = 1;
	classes = {
	};
	objectVersion = 55;
	objects = {

/* Begin PBXBuildFile section */
		6B174C46CAB9B5FCE1D491F9 /* Pods_Tweet_MVP.framework in Frameworks */ = {isa = PBXBuildFile; fileRef = 9887FB6268A218794BD6E810 /* Pods_Tweet_MVP.framework */; };
		A019F34B27B105E20052803F /* FeedTableViewCell.swift in Sources */ = {isa = PBXBuildFile; fileRef = A019F34A27B105E20052803F /* FeedTableViewCell.swift */; };
		A019F34D27B10ABC0052803F /* Icon.swift in Sources */ = {isa = PBXBuildFile; fileRef = A019F34C27B10ABC0052803F /* Icon.swift */; };
		A019F35027B392A50052803F /* TweetViewController.swift in Sources */ = {isa = PBXBuildFile; fileRef = A019F34F27B392A50052803F /* TweetViewController.swift */; };
		A019F35227B392AF0052803F /* TweetPresenter.swift in Sources */ = {isa = PBXBuildFile; fileRef = A019F35127B392AF0052803F /* TweetPresenter.swift */; };
		A019F35527B3A09A0052803F /* WriteViewController.swift in Sources */ = {isa = PBXBuildFile; fileRef = A019F35427B3A09A0052803F /* WriteViewController.swift */; };
		A019F35727B3A0A30052803F /* WritePresenter.swift in Sources */ = {isa = PBXBuildFile; fileRef = A019F35627B3A0A30052803F /* WritePresenter.swift */; };
		A019F35A27B3B34A0052803F /* ProfilePresenter.swift in Sources */ = {isa = PBXBuildFile; fileRef = A019F35927B3B34A0052803F /* ProfilePresenter.swift */; };
		A0CB9A7C27A8E81500E6A9E8 /* AppDelegate.swift in Sources */ = {isa = PBXBuildFile; fileRef = A0CB9A7B27A8E81500E6A9E8 /* AppDelegate.swift */; };
		A0CB9A7E27A8E81500E6A9E8 /* SceneDelegate.swift in Sources */ = {isa = PBXBuildFile; fileRef = A0CB9A7D27A8E81500E6A9E8 /* SceneDelegate.swift */; };
		A0CB9A8027A8E81500E6A9E8 /* FeedViewController.swift in Sources */ = {isa = PBXBuildFile; fileRef = A0CB9A7F27A8E81500E6A9E8 /* FeedViewController.swift */; };
		A0CB9A8527A8E81600E6A9E8 /* Assets.xcassets in Resources */ = {isa = PBXBuildFile; fileRef = A0CB9A8427A8E81600E6A9E8 /* Assets.xcassets */; };
		A0CB9A8827A8E81600E6A9E8 /* LaunchScreen.storyboard in Resources */ = {isa = PBXBuildFile; fileRef = A0CB9A8627A8E81600E6A9E8 /* LaunchScreen.storyboard */; };
		A0CB9A9327A8E81700E6A9E8 /* Tweet_MVPTests.swift in Sources */ = {isa = PBXBuildFile; fileRef = A0CB9A9227A8E81700E6A9E8 /* Tweet_MVPTests.swift */; };
		A0CB9A9D27A8E81700E6A9E8 /* Tweet_MVPUITests.swift in Sources */ = {isa = PBXBuildFile; fileRef = A0CB9A9C27A8E81700E6A9E8 /* Tweet_MVPUITests.swift */; };
		A0CB9A9F27A8E81700E6A9E8 /* Tweet_MVPUITestsLaunchTests.swift in Sources */ = {isa = PBXBuildFile; fileRef = A0CB9A9E27A8E81700E6A9E8 /* Tweet_MVPUITestsLaunchTests.swift */; };
		A0CB9AAC27A8E86300E6A9E8 /* UserDefaultsManager.swift in Sources */ = {isa = PBXBuildFile; fileRef = A0CB9AAB27A8E86300E6A9E8 /* UserDefaultsManager.swift */; };
		A0CB9AAE27A8E87B00E6A9E8 /* Tweet.swift in Sources */ = {isa = PBXBuildFile; fileRef = A0CB9AAD27A8E87B00E6A9E8 /* Tweet.swift */; };
		A0CB9AB027A8E88500E6A9E8 /* User.swift in Sources */ = {isa = PBXBuildFile; fileRef = A0CB9AAF27A8E88500E6A9E8 /* User.swift */; };
		A0CB9AB427A8E8B200E6A9E8 /* SnapKit in Frameworks */ = {isa = PBXBuildFile; productRef = A0CB9AB327A8E8B200E6A9E8 /* SnapKit */; };
		A0CB9AB627A8F3E000E6A9E8 /* TabBarController.swift in Sources */ = {isa = PBXBuildFile; fileRef = A0CB9AB527A8F3E000E6A9E8 /* TabBarController.swift */; };
		A0CB9AB827A8F40500E6A9E8 /* ProfileViewController.swift in Sources */ = {isa = PBXBuildFile; fileRef = A0CB9AB727A8F40500E6A9E8 /* ProfileViewController.swift */; };
		A0CB9ABA27A8F48500E6A9E8 /* FeedPresenter.swift in Sources */ = {isa = PBXBuildFile; fileRef = A0CB9AB927A8F48500E6A9E8 /* FeedPresenter.swift */; };
		A0CB9ABC27A8F93A00E6A9E8 /* TabBarItem.swift in Sources */ = {isa = PBXBuildFile; fileRef = A0CB9ABB27A8F93A00E6A9E8 /* TabBarItem.swift */; };
		D49326573036A6A3D904B6E3 /* Pods_Tweet_MVP_Tweet_MVPUITests.framework in Frameworks */ = {isa = PBXBuildFile; fileRef = 3D0A72635B50D8CD38F1162F /* Pods_Tweet_MVP_Tweet_MVPUITests.framework */; };
		FFA3D07708D8626CE17ED18C /* Pods_Tweet_MVPTests.framework in Frameworks */ = {isa = PBXBuildFile; fileRef = 20FF37DAEA98EAEC74E87489 /* Pods_Tweet_MVPTests.framework */; };
/* End PBXBuildFile section */

/* Begin PBXContainerItemProxy section */
		A0CB9A8F27A8E81700E6A9E8 /* PBXContainerItemProxy */ = {
			isa = PBXContainerItemProxy;
			containerPortal = A0CB9A7027A8E81500E6A9E8 /* Project object */;
			proxyType = 1;
			remoteGlobalIDString = A0CB9A7727A8E81500E6A9E8;
			remoteInfo = Tweet_MVP;
		};
		A0CB9A9927A8E81700E6A9E8 /* PBXContainerItemProxy */ = {
			isa = PBXContainerItemProxy;
			containerPortal = A0CB9A7027A8E81500E6A9E8 /* Project object */;
			proxyType = 1;
			remoteGlobalIDString = A0CB9A7727A8E81500E6A9E8;
			remoteInfo = Tweet_MVP;
		};
/* End PBXContainerItemProxy section */

/* Begin PBXFileReference section */
		00FBA91D216CD574E6A7456F /* Pods-Tweet_MVP.release.xcconfig */ = {isa = PBXFileReference; includeInIndex = 1; lastKnownFileType = text.xcconfig; name = "Pods-Tweet_MVP.release.xcconfig"; path = "Target Support Files/Pods-Tweet_MVP/Pods-Tweet_MVP.release.xcconfig"; sourceTree = "<group>"; };
		20FF37DAEA98EAEC74E87489 /* Pods_Tweet_MVPTests.framework */ = {isa = PBXFileReference; explicitFileType = wrapper.framework; includeInIndex = 0; path = Pods_Tweet_MVPTests.framework; sourceTree = BUILT_PRODUCTS_DIR; };
		3D0A72635B50D8CD38F1162F /* Pods_Tweet_MVP_Tweet_MVPUITests.framework */ = {isa = PBXFileReference; explicitFileType = wrapper.framework; includeInIndex = 0; path = Pods_Tweet_MVP_Tweet_MVPUITests.framework; sourceTree = BUILT_PRODUCTS_DIR; };
		3D5C2F619B15BD3B4C6F9770 /* Pods-Tweet_MVPTests.debug.xcconfig */ = {isa = PBXFileReference; includeInIndex = 1; lastKnownFileType = text.xcconfig; name = "Pods-Tweet_MVPTests.debug.xcconfig"; path = "Target Support Files/Pods-Tweet_MVPTests/Pods-Tweet_MVPTests.debug.xcconfig"; sourceTree = "<group>"; };
		595D961914B95AA08072A64C /* Pods-Tweet_MVPTests.release.xcconfig */ = {isa = PBXFileReference; includeInIndex = 1; lastKnownFileType = text.xcconfig; name = "Pods-Tweet_MVPTests.release.xcconfig"; path = "Target Support Files/Pods-Tweet_MVPTests/Pods-Tweet_MVPTests.release.xcconfig"; sourceTree = "<group>"; };
		92D5B18336141E2734BF2B9D /* Pods-Tweet_MVP-Tweet_MVPUITests.release.xcconfig */ = {isa = PBXFileReference; includeInIndex = 1; lastKnownFileType = text.xcconfig; name = "Pods-Tweet_MVP-Tweet_MVPUITests.release.xcconfig"; path = "Target Support Files/Pods-Tweet_MVP-Tweet_MVPUITests/Pods-Tweet_MVP-Tweet_MVPUITests.release.xcconfig"; sourceTree = "<group>"; };
		9887FB6268A218794BD6E810 /* Pods_Tweet_MVP.framework */ = {isa = PBXFileReference; explicitFileType = wrapper.framework; includeInIndex = 0; path = Pods_Tweet_MVP.framework; sourceTree = BUILT_PRODUCTS_DIR; };
		A019F34A27B105E20052803F /* FeedTableViewCell.swift */ = {isa = PBXFileReference; lastKnownFileType = sourcecode.swift; path = FeedTableViewCell.swift; sourceTree = "<group>"; };
		A019F34C27B10ABC0052803F /* Icon.swift */ = {isa = PBXFileReference; lastKnownFileType = sourcecode.swift; path = Icon.swift; sourceTree = "<group>"; };
		A019F34F27B392A50052803F /* TweetViewController.swift */ = {isa = PBXFileReference; lastKnownFileType = sourcecode.swift; path = TweetViewController.swift; sourceTree = "<group>"; };
		A019F35127B392AF0052803F /* TweetPresenter.swift */ = {isa = PBXFileReference; lastKnownFileType = sourcecode.swift; path = TweetPresenter.swift; sourceTree = "<group>"; };
		A019F35427B3A09A0052803F /* WriteViewController.swift */ = {isa = PBXFileReference; lastKnownFileType = sourcecode.swift; path = WriteViewController.swift; sourceTree = "<group>"; };
		A019F35627B3A0A30052803F /* WritePresenter.swift */ = {isa = PBXFileReference; lastKnownFileType = sourcecode.swift; path = WritePresenter.swift; sourceTree = "<group>"; };
		A019F35927B3B34A0052803F /* ProfilePresenter.swift */ = {isa = PBXFileReference; lastKnownFileType = sourcecode.swift; path = ProfilePresenter.swift; sourceTree = "<group>"; };
		A0CB9A7827A8E81500E6A9E8 /* Tweet_MVP.app */ = {isa = PBXFileReference; explicitFileType = wrapper.application; includeInIndex = 0; path = Tweet_MVP.app; sourceTree = BUILT_PRODUCTS_DIR; };
		A0CB9A7B27A8E81500E6A9E8 /* AppDelegate.swift */ = {isa = PBXFileReference; lastKnownFileType = sourcecode.swift; path = AppDelegate.swift; sourceTree = "<group>"; };
		A0CB9A7D27A8E81500E6A9E8 /* SceneDelegate.swift */ = {isa = PBXFileReference; lastKnownFileType = sourcecode.swift; path = SceneDelegate.swift; sourceTree = "<group>"; };
		A0CB9A7F27A8E81500E6A9E8 /* FeedViewController.swift */ = {isa = PBXFileReference; lastKnownFileType = sourcecode.swift; path = FeedViewController.swift; sourceTree = "<group>"; };
		A0CB9A8427A8E81600E6A9E8 /* Assets.xcassets */ = {isa = PBXFileReference; lastKnownFileType = folder.assetcatalog; path = Assets.xcassets; sourceTree = "<group>"; };
		A0CB9A8727A8E81600E6A9E8 /* Base */ = {isa = PBXFileReference; lastKnownFileType = file.storyboard; name = Base; path = Base.lproj/LaunchScreen.storyboard; sourceTree = "<group>"; };
		A0CB9A8927A8E81600E6A9E8 /* Info.plist */ = {isa = PBXFileReference; lastKnownFileType = text.plist.xml; path = Info.plist; sourceTree = "<group>"; };
		A0CB9A8E27A8E81700E6A9E8 /* Tweet_MVPTests.xctest */ = {isa = PBXFileReference; explicitFileType = wrapper.cfbundle; includeInIndex = 0; path = Tweet_MVPTests.xctest; sourceTree = BUILT_PRODUCTS_DIR; };
		A0CB9A9227A8E81700E6A9E8 /* Tweet_MVPTests.swift */ = {isa = PBXFileReference; lastKnownFileType = sourcecode.swift; path = Tweet_MVPTests.swift; sourceTree = "<group>"; };
		A0CB9A9827A8E81700E6A9E8 /* Tweet_MVPUITests.xctest */ = {isa = PBXFileReference; explicitFileType = wrapper.cfbundle; includeInIndex = 0; path = Tweet_MVPUITests.xctest; sourceTree = BUILT_PRODUCTS_DIR; };
		A0CB9A9C27A8E81700E6A9E8 /* Tweet_MVPUITests.swift */ = {isa = PBXFileReference; lastKnownFileType = sourcecode.swift; path = Tweet_MVPUITests.swift; sourceTree = "<group>"; };
		A0CB9A9E27A8E81700E6A9E8 /* Tweet_MVPUITestsLaunchTests.swift */ = {isa = PBXFileReference; lastKnownFileType = sourcecode.swift; path = Tweet_MVPUITestsLaunchTests.swift; sourceTree = "<group>"; };
		A0CB9AAB27A8E86300E6A9E8 /* UserDefaultsManager.swift */ = {isa = PBXFileReference; lastKnownFileType = sourcecode.swift; path = UserDefaultsManager.swift; sourceTree = "<group>"; };
		A0CB9AAD27A8E87B00E6A9E8 /* Tweet.swift */ = {isa = PBXFileReference; lastKnownFileType = sourcecode.swift; path = Tweet.swift; sourceTree = "<group>"; };
		A0CB9AAF27A8E88500E6A9E8 /* User.swift */ = {isa = PBXFileReference; lastKnownFileType = sourcecode.swift; path = User.swift; sourceTree = "<group>"; };
		A0CB9AB527A8F3E000E6A9E8 /* TabBarController.swift */ = {isa = PBXFileReference; lastKnownFileType = sourcecode.swift; path = TabBarController.swift; sourceTree = "<group>"; };
		A0CB9AB727A8F40500E6A9E8 /* ProfileViewController.swift */ = {isa = PBXFileReference; lastKnownFileType = sourcecode.swift; path = ProfileViewController.swift; sourceTree = "<group>"; };
		A0CB9AB927A8F48500E6A9E8 /* FeedPresenter.swift */ = {isa = PBXFileReference; lastKnownFileType = sourcecode.swift; path = FeedPresenter.swift; sourceTree = "<group>"; };
		A0CB9ABB27A8F93A00E6A9E8 /* TabBarItem.swift */ = {isa = PBXFileReference; lastKnownFileType = sourcecode.swift; path = TabBarItem.swift; sourceTree = "<group>"; };
		A1A5896F2011E724E308AA87 /* Pods-Tweet_MVP.debug.xcconfig */ = {isa = PBXFileReference; includeInIndex = 1; lastKnownFileType = text.xcconfig; name = "Pods-Tweet_MVP.debug.xcconfig"; path = "Target Support Files/Pods-Tweet_MVP/Pods-Tweet_MVP.debug.xcconfig"; sourceTree = "<group>"; };
		FCA7C0F32077A5AF9A653197 /* Pods-Tweet_MVP-Tweet_MVPUITests.debug.xcconfig */ = {isa = PBXFileReference; includeInIndex = 1; lastKnownFileType = text.xcconfig; name = "Pods-Tweet_MVP-Tweet_MVPUITests.debug.xcconfig"; path = "Target Support Files/Pods-Tweet_MVP-Tweet_MVPUITests/Pods-Tweet_MVP-Tweet_MVPUITests.debug.xcconfig"; sourceTree = "<group>"; };
/* End PBXFileReference section */

/* Begin PBXFrameworksBuildPhase section */
		A0CB9A7527A8E81500E6A9E8 /* Frameworks */ = {
			isa = PBXFrameworksBuildPhase;
			buildActionMask = 2147483647;
			files = (
				A0CB9AB427A8E8B200E6A9E8 /* SnapKit in Frameworks */,
				6B174C46CAB9B5FCE1D491F9 /* Pods_Tweet_MVP.framework in Frameworks */,
			);
			runOnlyForDeploymentPostprocessing = 0;
		};
		A0CB9A8B27A8E81700E6A9E8 /* Frameworks */ = {
			isa = PBXFrameworksBuildPhase;
			buildActionMask = 2147483647;
			files = (
				FFA3D07708D8626CE17ED18C /* Pods_Tweet_MVPTests.framework in Frameworks */,
			);
			runOnlyForDeploymentPostprocessing = 0;
		};
		A0CB9A9527A8E81700E6A9E8 /* Frameworks */ = {
			isa = PBXFrameworksBuildPhase;
			buildActionMask = 2147483647;
			files = (
				D49326573036A6A3D904B6E3 /* Pods_Tweet_MVP_Tweet_MVPUITests.framework in Frameworks */,
			);
			runOnlyForDeploymentPostprocessing = 0;
		};
/* End PBXFrameworksBuildPhase section */

/* Begin PBXGroup section */
		1A861A183299BA46EB879101 /* Pods */ = {
			isa = PBXGroup;
			children = (
				A1A5896F2011E724E308AA87 /* Pods-Tweet_MVP.debug.xcconfig */,
				00FBA91D216CD574E6A7456F /* Pods-Tweet_MVP.release.xcconfig */,
				FCA7C0F32077A5AF9A653197 /* Pods-Tweet_MVP-Tweet_MVPUITests.debug.xcconfig */,
				92D5B18336141E2734BF2B9D /* Pods-Tweet_MVP-Tweet_MVPUITests.release.xcconfig */,
				3D5C2F619B15BD3B4C6F9770 /* Pods-Tweet_MVPTests.debug.xcconfig */,
				595D961914B95AA08072A64C /* Pods-Tweet_MVPTests.release.xcconfig */,
			);
			path = Pods;
			sourceTree = "<group>";
		};
		A019F34E27B390470052803F /* Model */ = {
			isa = PBXGroup;
			children = (
				A0CB9AAB27A8E86300E6A9E8 /* UserDefaultsManager.swift */,
				A0CB9AAD27A8E87B00E6A9E8 /* Tweet.swift */,
				A0CB9AAF27A8E88500E6A9E8 /* User.swift */,
				A019F34C27B10ABC0052803F /* Icon.swift */,
			);
			path = Model;
			sourceTree = "<group>";
		};
		A019F35327B392B90052803F /* Tweet */ = {
			isa = PBXGroup;
			children = (
				A019F34F27B392A50052803F /* TweetViewController.swift */,
				A019F35127B392AF0052803F /* TweetPresenter.swift */,
			);
			path = Tweet;
			sourceTree = "<group>";
		};
		A019F35827B3A0A60052803F /* Write */ = {
			isa = PBXGroup;
			children = (
				A019F35427B3A09A0052803F /* WriteViewController.swift */,
				A019F35627B3A0A30052803F /* WritePresenter.swift */,
			);
			path = Write;
			sourceTree = "<group>";
		};
		A0CB9A6F27A8E81500E6A9E8 = {
			isa = PBXGroup;
			children = (
				A0CB9A7A27A8E81500E6A9E8 /* Tweet_MVP */,
				A0CB9A9127A8E81700E6A9E8 /* Tweet_MVPTests */,
				A0CB9A9B27A8E81700E6A9E8 /* Tweet_MVPUITests */,
				A0CB9A7927A8E81500E6A9E8 /* Products */,
				1A861A183299BA46EB879101 /* Pods */,
				A11923318510BDE529D9D273 /* Frameworks */,
			);
			sourceTree = "<group>";
		};
		A0CB9A7927A8E81500E6A9E8 /* Products */ = {
			isa = PBXGroup;
			children = (
				A0CB9A7827A8E81500E6A9E8 /* Tweet_MVP.app */,
				A0CB9A8E27A8E81700E6A9E8 /* Tweet_MVPTests.xctest */,
				A0CB9A9827A8E81700E6A9E8 /* Tweet_MVPUITests.xctest */,
			);
			name = Products;
			sourceTree = "<group>";
		};
		A0CB9A7A27A8E81500E6A9E8 /* Tweet_MVP */ = {
			isa = PBXGroup;
			children = (
				A0CB9A7B27A8E81500E6A9E8 /* AppDelegate.swift */,
				A0CB9A7D27A8E81500E6A9E8 /* SceneDelegate.swift */,
				A019F34E27B390470052803F /* Model */,
				A0CB9AB127A8E89E00E6A9E8 /* Scene */,
				A0CB9A8427A8E81600E6A9E8 /* Assets.xcassets */,
				A0CB9A8627A8E81600E6A9E8 /* LaunchScreen.storyboard */,
				A0CB9A8927A8E81600E6A9E8 /* Info.plist */,
			);
			path = Tweet_MVP;
			sourceTree = "<group>";
		};
		A0CB9A9127A8E81700E6A9E8 /* Tweet_MVPTests */ = {
			isa = PBXGroup;
			children = (
				A0CB9A9227A8E81700E6A9E8 /* Tweet_MVPTests.swift */,
			);
			path = Tweet_MVPTests;
			sourceTree = "<group>";
		};
		A0CB9A9B27A8E81700E6A9E8 /* Tweet_MVPUITests */ = {
			isa = PBXGroup;
			children = (
				A0CB9A9C27A8E81700E6A9E8 /* Tweet_MVPUITests.swift */,
				A0CB9A9E27A8E81700E6A9E8 /* Tweet_MVPUITestsLaunchTests.swift */,
			);
			path = Tweet_MVPUITests;
			sourceTree = "<group>";
		};
		A0CB9AB127A8E89E00E6A9E8 /* Scene */ = {
			isa = PBXGroup;
			children = (
				A0CB9ABB27A8F93A00E6A9E8 /* TabBarItem.swift */,
				A0CB9AB527A8F3E000E6A9E8 /* TabBarController.swift */,
				A0CB9ABD27A8F95000E6A9E8 /* Feed */,
				A0CB9ABE27A8F95400E6A9E8 /* Profile */,
			);
			path = Scene;
			sourceTree = "<group>";
		};
		A0CB9ABD27A8F95000E6A9E8 /* Feed */ = {
			isa = PBXGroup;
			children = (
				A0CB9A7F27A8E81500E6A9E8 /* FeedViewController.swift */,
				A0CB9AB927A8F48500E6A9E8 /* FeedPresenter.swift */,
				A019F34A27B105E20052803F /* FeedTableViewCell.swift */,
				A019F35327B392B90052803F /* Tweet */,
				A019F35827B3A0A60052803F /* Write */,
			);
			path = Feed;
			sourceTree = "<group>";
		};
		A0CB9ABE27A8F95400E6A9E8 /* Profile */ = {
			isa = PBXGroup;
			children = (
				A0CB9AB727A8F40500E6A9E8 /* ProfileViewController.swift */,
				A019F35927B3B34A0052803F /* ProfilePresenter.swift */,
			);
			path = Profile;
			sourceTree = "<group>";
		};
		A11923318510BDE529D9D273 /* Frameworks */ = {
			isa = PBXGroup;
			children = (
				9887FB6268A218794BD6E810 /* Pods_Tweet_MVP.framework */,
				3D0A72635B50D8CD38F1162F /* Pods_Tweet_MVP_Tweet_MVPUITests.framework */,
				20FF37DAEA98EAEC74E87489 /* Pods_Tweet_MVPTests.framework */,
			);
			name = Frameworks;
			sourceTree = "<group>";
		};
/* End PBXGroup section */

/* Begin PBXNativeTarget section */
		A0CB9A7727A8E81500E6A9E8 /* Tweet_MVP */ = {
			isa = PBXNativeTarget;
			buildConfigurationList = A0CB9AA227A8E81700E6A9E8 /* Build configuration list for PBXNativeTarget "Tweet_MVP" */;
			buildPhases = (
				6CF6B036A622AF3D8F5B0E46 /* [CP] Check Pods Manifest.lock */,
				A0CB9A7427A8E81500E6A9E8 /* Sources */,
				A0CB9A7527A8E81500E6A9E8 /* Frameworks */,
				A0CB9A7627A8E81500E6A9E8 /* Resources */,
				4416A8BABE808C5787D4771A /* [CP] Embed Pods Frameworks */,
			);
			buildRules = (
			);
			dependencies = (
			);
			name = Tweet_MVP;
			packageProductDependencies = (
				A0CB9AB327A8E8B200E6A9E8 /* SnapKit */,
			);
			productName = Tweet_MVP;
			productReference = A0CB9A7827A8E81500E6A9E8 /* Tweet_MVP.app */;
			productType = "com.apple.product-type.application";
		};
		A0CB9A8D27A8E81700E6A9E8 /* Tweet_MVPTests */ = {
			isa = PBXNativeTarget;
			buildConfigurationList = A0CB9AA527A8E81700E6A9E8 /* Build configuration list for PBXNativeTarget "Tweet_MVPTests" */;
			buildPhases = (
				B3532996B77A02E4B3A5A221 /* [CP] Check Pods Manifest.lock */,
				A0CB9A8A27A8E81700E6A9E8 /* Sources */,
				A0CB9A8B27A8E81700E6A9E8 /* Frameworks */,
				A0CB9A8C27A8E81700E6A9E8 /* Resources */,
			);
			buildRules = (
			);
			dependencies = (
				A0CB9A9027A8E81700E6A9E8 /* PBXTargetDependency */,
			);
			name = Tweet_MVPTests;
			productName = Tweet_MVPTests;
			productReference = A0CB9A8E27A8E81700E6A9E8 /* Tweet_MVPTests.xctest */;
			productType = "com.apple.product-type.bundle.unit-test";
		};
		A0CB9A9727A8E81700E6A9E8 /* Tweet_MVPUITests */ = {
			isa = PBXNativeTarget;
			buildConfigurationList = A0CB9AA827A8E81700E6A9E8 /* Build configuration list for PBXNativeTarget "Tweet_MVPUITests" */;
			buildPhases = (
				A786AF74FC6BBA9AADE0D835 /* [CP] Check Pods Manifest.lock */,
				A0CB9A9427A8E81700E6A9E8 /* Sources */,
				A0CB9A9527A8E81700E6A9E8 /* Frameworks */,
				A0CB9A9627A8E81700E6A9E8 /* Resources */,
				5E3DD77FBBBBD02995B14508 /* [CP] Embed Pods Frameworks */,
			);
			buildRules = (
			);
			dependencies = (
				A0CB9A9A27A8E81700E6A9E8 /* PBXTargetDependency */,
			);
			name = Tweet_MVPUITests;
			productName = Tweet_MVPUITests;
			productReference = A0CB9A9827A8E81700E6A9E8 /* Tweet_MVPUITests.xctest */;
			productType = "com.apple.product-type.bundle.ui-testing";
		};
/* End PBXNativeTarget section */

/* Begin PBXProject section */
		A0CB9A7027A8E81500E6A9E8 /* Project object */ = {
			isa = PBXProject;
			attributes = {
				BuildIndependentTargetsInParallel = 1;
				LastSwiftUpdateCheck = 1320;
				LastUpgradeCheck = 1320;
				TargetAttributes = {
					A0CB9A7727A8E81500E6A9E8 = {
						CreatedOnToolsVersion = 13.2.1;
					};
					A0CB9A8D27A8E81700E6A9E8 = {
						CreatedOnToolsVersion = 13.2.1;
						TestTargetID = A0CB9A7727A8E81500E6A9E8;
					};
					A0CB9A9727A8E81700E6A9E8 = {
						CreatedOnToolsVersion = 13.2.1;
						TestTargetID = A0CB9A7727A8E81500E6A9E8;
					};
				};
			};
			buildConfigurationList = A0CB9A7327A8E81500E6A9E8 /* Build configuration list for PBXProject "Tweet_MVP" */;
			compatibilityVersion = "Xcode 13.0";
			developmentRegion = en;
			hasScannedForEncodings = 0;
			knownRegions = (
				en,
				Base,
			);
			mainGroup = A0CB9A6F27A8E81500E6A9E8;
			packageReferences = (
				A0CB9AB227A8E8B200E6A9E8 /* XCRemoteSwiftPackageReference "SnapKit" */,
			);
			productRefGroup = A0CB9A7927A8E81500E6A9E8 /* Products */;
			projectDirPath = "";
			projectRoot = "";
			targets = (
				A0CB9A7727A8E81500E6A9E8 /* Tweet_MVP */,
				A0CB9A8D27A8E81700E6A9E8 /* Tweet_MVPTests */,
				A0CB9A9727A8E81700E6A9E8 /* Tweet_MVPUITests */,
			);
		};
/* End PBXProject section */

/* Begin PBXResourcesBuildPhase section */
		A0CB9A7627A8E81500E6A9E8 /* Resources */ = {
			isa = PBXResourcesBuildPhase;
			buildActionMask = 2147483647;
			files = (
				A0CB9A8827A8E81600E6A9E8 /* LaunchScreen.storyboard in Resources */,
				A0CB9A8527A8E81600E6A9E8 /* Assets.xcassets in Resources */,
			);
			runOnlyForDeploymentPostprocessing = 0;
		};
		A0CB9A8C27A8E81700E6A9E8 /* Resources */ = {
			isa = PBXResourcesBuildPhase;
			buildActionMask = 2147483647;
			files = (
			);
			runOnlyForDeploymentPostprocessing = 0;
		};
		A0CB9A9627A8E81700E6A9E8 /* Resources */ = {
			isa = PBXResourcesBuildPhase;
			buildActionMask = 2147483647;
			files = (
			);
			runOnlyForDeploymentPostprocessing = 0;
		};
/* End PBXResourcesBuildPhase section */

/* Begin PBXShellScriptBuildPhase section */
		4416A8BABE808C5787D4771A /* [CP] Embed Pods Frameworks */ = {
			isa = PBXShellScriptBuildPhase;
			buildActionMask = 2147483647;
			files = (
			);
			inputFileListPaths = (
				"${PODS_ROOT}/Target Support Files/Pods-Tweet_MVP/Pods-Tweet_MVP-frameworks-${CONFIGURATION}-input-files.xcfilelist",
			);
			name = "[CP] Embed Pods Frameworks";
			outputFileListPaths = (
				"${PODS_ROOT}/Target Support Files/Pods-Tweet_MVP/Pods-Tweet_MVP-frameworks-${CONFIGURATION}-output-files.xcfilelist",
			);
			runOnlyForDeploymentPostprocessing = 0;
			shellPath = /bin/sh;
			shellScript = "\"${PODS_ROOT}/Target Support Files/Pods-Tweet_MVP/Pods-Tweet_MVP-frameworks.sh\"\n";
			showEnvVarsInLog = 0;
		};
		5E3DD77FBBBBD02995B14508 /* [CP] Embed Pods Frameworks */ = {
			isa = PBXShellScriptBuildPhase;
			buildActionMask = 2147483647;
			files = (
			);
			inputFileListPaths = (
				"${PODS_ROOT}/Target Support Files/Pods-Tweet_MVP-Tweet_MVPUITests/Pods-Tweet_MVP-Tweet_MVPUITests-frameworks-${CONFIGURATION}-input-files.xcfilelist",
			);
			name = "[CP] Embed Pods Frameworks";
			outputFileListPaths = (
				"${PODS_ROOT}/Target Support Files/Pods-Tweet_MVP-Tweet_MVPUITests/Pods-Tweet_MVP-Tweet_MVPUITests-frameworks-${CONFIGURATION}-output-files.xcfilelist",
			);
			runOnlyForDeploymentPostprocessing = 0;
			shellPath = /bin/sh;
			shellScript = "\"${PODS_ROOT}/Target Support Files/Pods-Tweet_MVP-Tweet_MVPUITests/Pods-Tweet_MVP-Tweet_MVPUITests-frameworks.sh\"\n";
			showEnvVarsInLog = 0;
		};
		6CF6B036A622AF3D8F5B0E46 /* [CP] Check Pods Manifest.lock */ = {
			isa = PBXShellScriptBuildPhase;
			buildActionMask = 2147483647;
			files = (
			);
			inputFileListPaths = (
			);
			inputPaths = (
				"${PODS_PODFILE_DIR_PATH}/Podfile.lock",
				"${PODS_ROOT}/Manifest.lock",
			);
			name = "[CP] Check Pods Manifest.lock";
			outputFileListPaths = (
			);
			outputPaths = (
				"$(DERIVED_FILE_DIR)/Pods-Tweet_MVP-checkManifestLockResult.txt",
			);
			runOnlyForDeploymentPostprocessing = 0;
			shellPath = /bin/sh;
			shellScript = "diff \"${PODS_PODFILE_DIR_PATH}/Podfile.lock\" \"${PODS_ROOT}/Manifest.lock\" > /dev/null\nif [ $? != 0 ] ; then\n    # print error to STDERR\n    echo \"error: The sandbox is not in sync with the Podfile.lock. Run 'pod install' or update your CocoaPods installation.\" >&2\n    exit 1\nfi\n# This output is used by Xcode 'outputs' to avoid re-running this script phase.\necho \"SUCCESS\" > \"${SCRIPT_OUTPUT_FILE_0}\"\n";
			showEnvVarsInLog = 0;
		};
		A786AF74FC6BBA9AADE0D835 /* [CP] Check Pods Manifest.lock */ = {
			isa = PBXShellScriptBuildPhase;
			buildActionMask = 2147483647;
			files = (
			);
			inputFileListPaths = (
			);
			inputPaths = (
				"${PODS_PODFILE_DIR_PATH}/Podfile.lock",
				"${PODS_ROOT}/Manifest.lock",
			);
			name = "[CP] Check Pods Manifest.lock";
			outputFileListPaths = (
			);
			outputPaths = (
				"$(DERIVED_FILE_DIR)/Pods-Tweet_MVP-Tweet_MVPUITests-checkManifestLockResult.txt",
			);
			runOnlyForDeploymentPostprocessing = 0;
			shellPath = /bin/sh;
			shellScript = "diff \"${PODS_PODFILE_DIR_PATH}/Podfile.lock\" \"${PODS_ROOT}/Manifest.lock\" > /dev/null\nif [ $? != 0 ] ; then\n    # print error to STDERR\n    echo \"error: The sandbox is not in sync with the Podfile.lock. Run 'pod install' or update your CocoaPods installation.\" >&2\n    exit 1\nfi\n# This output is used by Xcode 'outputs' to avoid re-running this script phase.\necho \"SUCCESS\" > \"${SCRIPT_OUTPUT_FILE_0}\"\n";
			showEnvVarsInLog = 0;
		};
		B3532996B77A02E4B3A5A221 /* [CP] Check Pods Manifest.lock */ = {
			isa = PBXShellScriptBuildPhase;
			buildActionMask = 2147483647;
			files = (
			);
			inputFileListPaths = (
			);
			inputPaths = (
				"${PODS_PODFILE_DIR_PATH}/Podfile.lock",
				"${PODS_ROOT}/Manifest.lock",
			);
			name = "[CP] Check Pods Manifest.lock";
			outputFileListPaths = (
			);
			outputPaths = (
				"$(DERIVED_FILE_DIR)/Pods-Tweet_MVPTests-checkManifestLockResult.txt",
			);
			runOnlyForDeploymentPostprocessing = 0;
			shellPath = /bin/sh;
			shellScript = "diff \"${PODS_PODFILE_DIR_PATH}/Podfile.lock\" \"${PODS_ROOT}/Manifest.lock\" > /dev/null\nif [ $? != 0 ] ; then\n    # print error to STDERR\n    echo \"error: The sandbox is not in sync with the Podfile.lock. Run 'pod install' or update your CocoaPods installation.\" >&2\n    exit 1\nfi\n# This output is used by Xcode 'outputs' to avoid re-running this script phase.\necho \"SUCCESS\" > \"${SCRIPT_OUTPUT_FILE_0}\"\n";
			showEnvVarsInLog = 0;
		};
/* End PBXShellScriptBuildPhase section */

/* Begin PBXSourcesBuildPhase section */
		A0CB9A7427A8E81500E6A9E8 /* Sources */ = {
			isa = PBXSourcesBuildPhase;
			buildActionMask = 2147483647;
			files = (
				A0CB9A8027A8E81500E6A9E8 /* FeedViewController.swift in Sources */,
				A0CB9AAE27A8E87B00E6A9E8 /* Tweet.swift in Sources */,
				A019F35727B3A0A30052803F /* WritePresenter.swift in Sources */,
				A0CB9ABC27A8F93A00E6A9E8 /* TabBarItem.swift in Sources */,
				A019F35527B3A09A0052803F /* WriteViewController.swift in Sources */,
				A019F35227B392AF0052803F /* TweetPresenter.swift in Sources */,
				A0CB9AB027A8E88500E6A9E8 /* User.swift in Sources */,
				A0CB9A7C27A8E81500E6A9E8 /* AppDelegate.swift in Sources */,
				A0CB9ABA27A8F48500E6A9E8 /* FeedPresenter.swift in Sources */,
				A019F34D27B10ABC0052803F /* Icon.swift in Sources */,
				A019F35A27B3B34A0052803F /* ProfilePresenter.swift in Sources */,
				A0CB9AAC27A8E86300E6A9E8 /* UserDefaultsManager.swift in Sources */,
				A0CB9A7E27A8E81500E6A9E8 /* SceneDelegate.swift in Sources */,
				A0CB9AB827A8F40500E6A9E8 /* ProfileViewController.swift in Sources */,
				A019F35027B392A50052803F /* TweetViewController.swift in Sources */,
				A0CB9AB627A8F3E000E6A9E8 /* TabBarController.swift in Sources */,
				A019F34B27B105E20052803F /* FeedTableViewCell.swift in Sources */,
			);
			runOnlyForDeploymentPostprocessing = 0;
		};
		A0CB9A8A27A8E81700E6A9E8 /* Sources */ = {
			isa = PBXSourcesBuildPhase;
			buildActionMask = 2147483647;
			files = (
				A0CB9A9327A8E81700E6A9E8 /* Tweet_MVPTests.swift in Sources */,
			);
			runOnlyForDeploymentPostprocessing = 0;
		};
		A0CB9A9427A8E81700E6A9E8 /* Sources */ = {
			isa = PBXSourcesBuildPhase;
			buildActionMask = 2147483647;
			files = (
				A0CB9A9F27A8E81700E6A9E8 /* Tweet_MVPUITestsLaunchTests.swift in Sources */,
				A0CB9A9D27A8E81700E6A9E8 /* Tweet_MVPUITests.swift in Sources */,
			);
			runOnlyForDeploymentPostprocessing = 0;
		};
/* End PBXSourcesBuildPhase section */

/* Begin PBXTargetDependency section */
		A0CB9A9027A8E81700E6A9E8 /* PBXTargetDependency */ = {
			isa = PBXTargetDependency;
			target = A0CB9A7727A8E81500E6A9E8 /* Tweet_MVP */;
			targetProxy = A0CB9A8F27A8E81700E6A9E8 /* PBXContainerItemProxy */;
		};
		A0CB9A9A27A8E81700E6A9E8 /* PBXTargetDependency */ = {
			isa = PBXTargetDependency;
			target = A0CB9A7727A8E81500E6A9E8 /* Tweet_MVP */;
			targetProxy = A0CB9A9927A8E81700E6A9E8 /* PBXContainerItemProxy */;
		};
/* End PBXTargetDependency section */

/* Begin PBXVariantGroup section */
		A0CB9A8627A8E81600E6A9E8 /* LaunchScreen.storyboard */ = {
			isa = PBXVariantGroup;
			children = (
				A0CB9A8727A8E81600E6A9E8 /* Base */,
			);
			name = LaunchScreen.storyboard;
			sourceTree = "<group>";
		};
/* End PBXVariantGroup section */

/* Begin XCBuildConfiguration section */
		A0CB9AA027A8E81700E6A9E8 /* Debug */ = {
			isa = XCBuildConfiguration;
			buildSettings = {
				ALWAYS_SEARCH_USER_PATHS = NO;
				CLANG_ANALYZER_NONNULL = YES;
				CLANG_ANALYZER_NUMBER_OBJECT_CONVERSION = YES_AGGRESSIVE;
				CLANG_CXX_LANGUAGE_STANDARD = "gnu++17";
				CLANG_CXX_LIBRARY = "libc++";
				CLANG_ENABLE_MODULES = YES;
				CLANG_ENABLE_OBJC_ARC = YES;
				CLANG_ENABLE_OBJC_WEAK = YES;
				CLANG_WARN_BLOCK_CAPTURE_AUTORELEASING = YES;
				CLANG_WARN_BOOL_CONVERSION = YES;
				CLANG_WARN_COMMA = YES;
				CLANG_WARN_CONSTANT_CONVERSION = YES;
				CLANG_WARN_DEPRECATED_OBJC_IMPLEMENTATIONS = YES;
				CLANG_WARN_DIRECT_OBJC_ISA_USAGE = YES_ERROR;
				CLANG_WARN_DOCUMENTATION_COMMENTS = YES;
				CLANG_WARN_EMPTY_BODY = YES;
				CLANG_WARN_ENUM_CONVERSION = YES;
				CLANG_WARN_INFINITE_RECURSION = YES;
				CLANG_WARN_INT_CONVERSION = YES;
				CLANG_WARN_NON_LITERAL_NULL_CONVERSION = YES;
				CLANG_WARN_OBJC_IMPLICIT_RETAIN_SELF = YES;
				CLANG_WARN_OBJC_LITERAL_CONVERSION = YES;
				CLANG_WARN_OBJC_ROOT_CLASS = YES_ERROR;
				CLANG_WARN_QUOTED_INCLUDE_IN_FRAMEWORK_HEADER = YES;
				CLANG_WARN_RANGE_LOOP_ANALYSIS = YES;
				CLANG_WARN_STRICT_PROTOTYPES = YES;
				CLANG_WARN_SUSPICIOUS_MOVE = YES;
				CLANG_WARN_UNGUARDED_AVAILABILITY = YES_AGGRESSIVE;
				CLANG_WARN_UNREACHABLE_CODE = YES;
				CLANG_WARN__DUPLICATE_METHOD_MATCH = YES;
				COPY_PHASE_STRIP = NO;
				DEBUG_INFORMATION_FORMAT = dwarf;
				ENABLE_STRICT_OBJC_MSGSEND = YES;
				ENABLE_TESTABILITY = YES;
				GCC_C_LANGUAGE_STANDARD = gnu11;
				GCC_DYNAMIC_NO_PIC = NO;
				GCC_NO_COMMON_BLOCKS = YES;
				GCC_OPTIMIZATION_LEVEL = 0;
				GCC_PREPROCESSOR_DEFINITIONS = (
					"DEBUG=1",
					"$(inherited)",
				);
				GCC_WARN_64_TO_32_BIT_CONVERSION = YES;
				GCC_WARN_ABOUT_RETURN_TYPE = YES_ERROR;
				GCC_WARN_UNDECLARED_SELECTOR = YES;
				GCC_WARN_UNINITIALIZED_AUTOS = YES_AGGRESSIVE;
				GCC_WARN_UNUSED_FUNCTION = YES;
				GCC_WARN_UNUSED_VARIABLE = YES;
				IPHONEOS_DEPLOYMENT_TARGET = 15.2;
				MTL_ENABLE_DEBUG_INFO = INCLUDE_SOURCE;
				MTL_FAST_MATH = YES;
				ONLY_ACTIVE_ARCH = YES;
				SDKROOT = iphoneos;
				SWIFT_ACTIVE_COMPILATION_CONDITIONS = DEBUG;
				SWIFT_OPTIMIZATION_LEVEL = "-Onone";
			};
			name = Debug;
		};
		A0CB9AA127A8E81700E6A9E8 /* Release */ = {
			isa = XCBuildConfiguration;
			buildSettings = {
				ALWAYS_SEARCH_USER_PATHS = NO;
				CLANG_ANALYZER_NONNULL = YES;
				CLANG_ANALYZER_NUMBER_OBJECT_CONVERSION = YES_AGGRESSIVE;
				CLANG_CXX_LANGUAGE_STANDARD = "gnu++17";
				CLANG_CXX_LIBRARY = "libc++";
				CLANG_ENABLE_MODULES = YES;
				CLANG_ENABLE_OBJC_ARC = YES;
				CLANG_ENABLE_OBJC_WEAK = YES;
				CLANG_WARN_BLOCK_CAPTURE_AUTORELEASING = YES;
				CLANG_WARN_BOOL_CONVERSION = YES;
				CLANG_WARN_COMMA = YES;
				CLANG_WARN_CONSTANT_CONVERSION = YES;
				CLANG_WARN_DEPRECATED_OBJC_IMPLEMENTATIONS = YES;
				CLANG_WARN_DIRECT_OBJC_ISA_USAGE = YES_ERROR;
				CLANG_WARN_DOCUMENTATION_COMMENTS = YES;
				CLANG_WARN_EMPTY_BODY = YES;
				CLANG_WARN_ENUM_CONVERSION = YES;
				CLANG_WARN_INFINITE_RECURSION = YES;
				CLANG_WARN_INT_CONVERSION = YES;
				CLANG_WARN_NON_LITERAL_NULL_CONVERSION = YES;
				CLANG_WARN_OBJC_IMPLICIT_RETAIN_SELF = YES;
				CLANG_WARN_OBJC_LITERAL_CONVERSION = YES;
				CLANG_WARN_OBJC_ROOT_CLASS = YES_ERROR;
				CLANG_WARN_QUOTED_INCLUDE_IN_FRAMEWORK_HEADER = YES;
				CLANG_WARN_RANGE_LOOP_ANALYSIS = YES;
				CLANG_WARN_STRICT_PROTOTYPES = YES;
				CLANG_WARN_SUSPICIOUS_MOVE = YES;
				CLANG_WARN_UNGUARDED_AVAILABILITY = YES_AGGRESSIVE;
				CLANG_WARN_UNREACHABLE_CODE = YES;
				CLANG_WARN__DUPLICATE_METHOD_MATCH = YES;
				COPY_PHASE_STRIP = NO;
				DEBUG_INFORMATION_FORMAT = "dwarf-with-dsym";
				ENABLE_NS_ASSERTIONS = NO;
				ENABLE_STRICT_OBJC_MSGSEND = YES;
				GCC_C_LANGUAGE_STANDARD = gnu11;
				GCC_NO_COMMON_BLOCKS = YES;
				GCC_WARN_64_TO_32_BIT_CONVERSION = YES;
				GCC_WARN_ABOUT_RETURN_TYPE = YES_ERROR;
				GCC_WARN_UNDECLARED_SELECTOR = YES;
				GCC_WARN_UNINITIALIZED_AUTOS = YES_AGGRESSIVE;
				GCC_WARN_UNUSED_FUNCTION = YES;
				GCC_WARN_UNUSED_VARIABLE = YES;
				IPHONEOS_DEPLOYMENT_TARGET = 15.2;
				MTL_ENABLE_DEBUG_INFO = NO;
				MTL_FAST_MATH = YES;
				SDKROOT = iphoneos;
				SWIFT_COMPILATION_MODE = wholemodule;
				SWIFT_OPTIMIZATION_LEVEL = "-O";
				VALIDATE_PRODUCT = YES;
			};
			name = Release;
		};
		A0CB9AA327A8E81700E6A9E8 /* Debug */ = {
			isa = XCBuildConfiguration;
			baseConfigurationReference = A1A5896F2011E724E308AA87 /* Pods-Tweet_MVP.debug.xcconfig */;
			buildSettings = {
				ASSETCATALOG_COMPILER_APPICON_NAME = AppIcon;
				ASSETCATALOG_COMPILER_GLOBAL_ACCENT_COLOR_NAME = AccentColor;
				CODE_SIGN_STYLE = Automatic;
				CURRENT_PROJECT_VERSION = 1;
				GENERATE_INFOPLIST_FILE = YES;
				INFOPLIST_FILE = Tweet_MVP/Info.plist;
				INFOPLIST_KEY_UIApplicationSupportsIndirectInputEvents = YES;
				INFOPLIST_KEY_UILaunchStoryboardName = LaunchScreen;
				INFOPLIST_KEY_UISupportedInterfaceOrientations_iPad = "UIInterfaceOrientationPortrait UIInterfaceOrientationPortraitUpsideDown UIInterfaceOrientationLandscapeLeft UIInterfaceOrientationLandscapeRight";
				INFOPLIST_KEY_UISupportedInterfaceOrientations_iPhone = "UIInterfaceOrientationPortrait UIInterfaceOrientationLandscapeLeft UIInterfaceOrientationLandscapeRight";
				LD_RUNPATH_SEARCH_PATHS = (
					"$(inherited)",
					"@executable_path/Frameworks",
				);
				MARKETING_VERSION = 1.0;
				PRODUCT_BUNDLE_IDENTIFIER = "com.soduma.Tweet-MVP";
				PRODUCT_NAME = "$(TARGET_NAME)";
				SWIFT_EMIT_LOC_STRINGS = YES;
				SWIFT_VERSION = 5.0;
				TARGETED_DEVICE_FAMILY = "1,2";
			};
			name = Debug;
		};
		A0CB9AA427A8E81700E6A9E8 /* Release */ = {
			isa = XCBuildConfiguration;
			baseConfigurationReference = 00FBA91D216CD574E6A7456F /* Pods-Tweet_MVP.release.xcconfig */;
			buildSettings = {
				ASSETCATALOG_COMPILER_APPICON_NAME = AppIcon;
				ASSETCATALOG_COMPILER_GLOBAL_ACCENT_COLOR_NAME = AccentColor;
				CODE_SIGN_STYLE = Automatic;
				CURRENT_PROJECT_VERSION = 1;
				GENERATE_INFOPLIST_FILE = YES;
				INFOPLIST_FILE = Tweet_MVP/Info.plist;
				INFOPLIST_KEY_UIApplicationSupportsIndirectInputEvents = YES;
				INFOPLIST_KEY_UILaunchStoryboardName = LaunchScreen;
				INFOPLIST_KEY_UISupportedInterfaceOrientations_iPad = "UIInterfaceOrientationPortrait UIInterfaceOrientationPortraitUpsideDown UIInterfaceOrientationLandscapeLeft UIInterfaceOrientationLandscapeRight";
				INFOPLIST_KEY_UISupportedInterfaceOrientations_iPhone = "UIInterfaceOrientationPortrait UIInterfaceOrientationLandscapeLeft UIInterfaceOrientationLandscapeRight";
				LD_RUNPATH_SEARCH_PATHS = (
					"$(inherited)",
					"@executable_path/Frameworks",
				);
				MARKETING_VERSION = 1.0;
				PRODUCT_BUNDLE_IDENTIFIER = "com.soduma.Tweet-MVP";
				PRODUCT_NAME = "$(TARGET_NAME)";
				SWIFT_EMIT_LOC_STRINGS = YES;
				SWIFT_VERSION = 5.0;
				TARGETED_DEVICE_FAMILY = "1,2";
			};
			name = Release;
		};
		A0CB9AA627A8E81700E6A9E8 /* Debug */ = {
			isa = XCBuildConfiguration;
			baseConfigurationReference = 3D5C2F619B15BD3B4C6F9770 /* Pods-Tweet_MVPTests.debug.xcconfig */;
			buildSettings = {
				ALWAYS_EMBED_SWIFT_STANDARD_LIBRARIES = YES;
				BUNDLE_LOADER = "$(TEST_HOST)";
				CODE_SIGN_STYLE = Automatic;
				CURRENT_PROJECT_VERSION = 1;
				GENERATE_INFOPLIST_FILE = YES;
				IPHONEOS_DEPLOYMENT_TARGET = 15.2;
				MARKETING_VERSION = 1.0;
				PRODUCT_BUNDLE_IDENTIFIER = "com.soduma.Tweet-MVPTests";
				PRODUCT_NAME = "$(TARGET_NAME)";
				SWIFT_EMIT_LOC_STRINGS = NO;
				SWIFT_VERSION = 5.0;
				TARGETED_DEVICE_FAMILY = "1,2";
				TEST_HOST = "$(BUILT_PRODUCTS_DIR)/Tweet_MVP.app/Tweet_MVP";
			};
			name = Debug;
		};
		A0CB9AA727A8E81700E6A9E8 /* Release */ = {
			isa = XCBuildConfiguration;
			baseConfigurationReference = 595D961914B95AA08072A64C /* Pods-Tweet_MVPTests.release.xcconfig */;
			buildSettings = {
				ALWAYS_EMBED_SWIFT_STANDARD_LIBRARIES = YES;
				BUNDLE_LOADER = "$(TEST_HOST)";
				CODE_SIGN_STYLE = Automatic;
				CURRENT_PROJECT_VERSION = 1;
				GENERATE_INFOPLIST_FILE = YES;
				IPHONEOS_DEPLOYMENT_TARGET = 15.2;
				MARKETING_VERSION = 1.0;
				PRODUCT_BUNDLE_IDENTIFIER = "com.soduma.Tweet-MVPTests";
				PRODUCT_NAME = "$(TARGET_NAME)";
				SWIFT_EMIT_LOC_STRINGS = NO;
				SWIFT_VERSION = 5.0;
				TARGETED_DEVICE_FAMILY = "1,2";
				TEST_HOST = "$(BUILT_PRODUCTS_DIR)/Tweet_MVP.app/Tweet_MVP";
			};
			name = Release;
		};
		A0CB9AA927A8E81700E6A9E8 /* Debug */ = {
			isa = XCBuildConfiguration;
			baseConfigurationReference = FCA7C0F32077A5AF9A653197 /* Pods-Tweet_MVP-Tweet_MVPUITests.debug.xcconfig */;
			buildSettings = {
				ALWAYS_EMBED_SWIFT_STANDARD_LIBRARIES = YES;
				CODE_SIGN_STYLE = Automatic;
				CURRENT_PROJECT_VERSION = 1;
				GENERATE_INFOPLIST_FILE = YES;
				MARKETING_VERSION = 1.0;
				PRODUCT_BUNDLE_IDENTIFIER = "com.soduma.Tweet-MVPUITests";
				PRODUCT_NAME = "$(TARGET_NAME)";
				SWIFT_EMIT_LOC_STRINGS = NO;
				SWIFT_VERSION = 5.0;
				TARGETED_DEVICE_FAMILY = "1,2";
				TEST_TARGET_NAME = Tweet_MVP;
			};
			name = Debug;
		};
		A0CB9AAA27A8E81700E6A9E8 /* Release */ = {
			isa = XCBuildConfiguration;
			baseConfigurationReference = 92D5B18336141E2734BF2B9D /* Pods-Tweet_MVP-Tweet_MVPUITests.release.xcconfig */;
			buildSettings = {
				ALWAYS_EMBED_SWIFT_STANDARD_LIBRARIES = YES;
				CODE_SIGN_STYLE = Automatic;
				CURRENT_PROJECT_VERSION = 1;
				GENERATE_INFOPLIST_FILE = YES;
				MARKETING_VERSION = 1.0;
				PRODUCT_BUNDLE_IDENTIFIER = "com.soduma.Tweet-MVPUITests";
				PRODUCT_NAME = "$(TARGET_NAME)";
				SWIFT_EMIT_LOC_STRINGS = NO;
				SWIFT_VERSION = 5.0;
				TARGETED_DEVICE_FAMILY = "1,2";
				TEST_TARGET_NAME = Tweet_MVP;
			};
			name = Release;
		};
/* End XCBuildConfiguration section */

/* Begin XCConfigurationList section */
		A0CB9A7327A8E81500E6A9E8 /* Build configuration list for PBXProject "Tweet_MVP" */ = {
			isa = XCConfigurationList;
			buildConfigurations = (
				A0CB9AA027A8E81700E6A9E8 /* Debug */,
				A0CB9AA127A8E81700E6A9E8 /* Release */,
			);
			defaultConfigurationIsVisible = 0;
			defaultConfigurationName = Release;
		};
		A0CB9AA227A8E81700E6A9E8 /* Build configuration list for PBXNativeTarget "Tweet_MVP" */ = {
			isa = XCConfigurationList;
			buildConfigurations = (
				A0CB9AA327A8E81700E6A9E8 /* Debug */,
				A0CB9AA427A8E81700E6A9E8 /* Release */,
			);
			defaultConfigurationIsVisible = 0;
			defaultConfigurationName = Release;
		};
		A0CB9AA527A8E81700E6A9E8 /* Build configuration list for PBXNativeTarget "Tweet_MVPTests" */ = {
			isa = XCConfigurationList;
			buildConfigurations = (
				A0CB9AA627A8E81700E6A9E8 /* Debug */,
				A0CB9AA727A8E81700E6A9E8 /* Release */,
			);
			defaultConfigurationIsVisible = 0;
			defaultConfigurationName = Release;
		};
		A0CB9AA827A8E81700E6A9E8 /* Build configuration list for PBXNativeTarget "Tweet_MVPUITests" */ = {
			isa = XCConfigurationList;
			buildConfigurations = (
				A0CB9AA927A8E81700E6A9E8 /* Debug */,
				A0CB9AAA27A8E81700E6A9E8 /* Release */,
			);
			defaultConfigurationIsVisible = 0;
			defaultConfigurationName = Release;
		};
/* End XCConfigurationList section */

/* Begin XCRemoteSwiftPackageReference section */
		A0CB9AB227A8E8B200E6A9E8 /* XCRemoteSwiftPackageReference "SnapKit" */ = {
			isa = XCRemoteSwiftPackageReference;
			repositoryURL = "https://github.com/SnapKit/SnapKit.git";
			requirement = {
				kind = upToNextMajorVersion;
				minimumVersion = 5.0.0;
			};
		};
/* End XCRemoteSwiftPackageReference section */

/* Begin XCSwiftPackageProductDependency section */
		A0CB9AB327A8E8B200E6A9E8 /* SnapKit */ = {
			isa = XCSwiftPackageProductDependency;
			package = A0CB9AB227A8E8B200E6A9E8 /* XCRemoteSwiftPackageReference "SnapKit" */;
			productName = SnapKit;
		};
/* End XCSwiftPackageProductDependency section */
	};
	rootObject = A0CB9A7027A8E81500E6A9E8 /* Project object */;
}
